{
  "name": "dbjavagenix-mcp-server",
  "version": "0.1.0",
  "lockfileVersion": 3,
  "requires": true,
  "packages": {
    "": {
      "name": "dbjavagenix-mcp-server",
      "version": "0.1.0",
      "license": "MIT",
      "dependencies": {
        "dbjavagenix-mcp-server": "^0.1.0"
      },
      "bin": {
        "dbjavagenix-mcp": "index.js"
      },
      "engines": {
        "node": ">=14.0.0"
      }
    },
    "node_modules/dbjavagenix-mcp-server": {
      "version": "0.1.0",
      "resolved": "https://registry.npmjs.org/dbjavagenix-mcp-server/-/dbjavagenix-mcp-server-0.1.0.tgz",
      "integrity": "sha512-IEf+aSkvkjS/SINO+jL1UXBAw+nvqvn6aVUM6AGYvGmztTSWiVxMirmxyrLlnyBaIQPOwADHr01TYSPNDXfqKw==",
      "license": "MIT",
      "bin": {
        "dbjavagenix-mcp": "index.js"
      },
      "engines": {
        "node": ">=14.0.0"
      }
    }
  }
}
